
Microsoft Visual Studio Solution File, Format Version 12.00
# Visual Studio Version 17
VisualStudioVersion = 17.2.32616.157
MinimumVisualStudioVersion = 10.0.40219.1
Project("{FAE04EC0-301F-11D3-BF4B-00C04F79EFBC}") = "LinqAddressBook", "LinqAddressBook\LinqAddressBook.csproj", "{15A59557-1743-42F5-8850-66A6E8813499}"
EndProject
Global
	GlobalSection(SolutionConfigurationPlatforms) = preSolution
		Debug|Any CPU = Debug|Any CPU
		Release|Any CPU = Release|Any CPU
	EndGlobalSection
	GlobalSection(ProjectConfigurationPlatforms) = postSolution
		{15A59557-1743-42F5-8850-66A6E8813499}.Debug|Any CPU.ActiveCfg = Debug|Any CPU
		{15A59557-1743-42F5-8850-66A6E8813499}.Debug|Any CPU.Build.0 = Debug|Any CPU
		{15A59557-1743-42F5-8850-66A6E8813499}.Release|Any CPU.ActiveCfg = Release|Any CPU
		{15A59557-1743-42F5-8850-66A6E8813499}.Release|Any CPU.Build.0 = Release|Any CPU
	EndGlobalSection
	GlobalSection(SolutionProperties) = preSolution
		HideSolutionNode = FALSE
	EndGlobalSection
	GlobalSection(ExtensibilityGlobals) = postSolution
		SolutionGuid = {D28795D4-31E0-4A5E-BA57-455635080396}
	EndGlobalSection
EndGlobal
